
Microsoft Visual Studio Solution File, Format Version 12.00
# Visual Studio Version 16
VisualStudioVersion = 16.0.29920.165
MinimumVisualStudioVersion = 10.0.40219.1
Project("{FAE04EC0-301F-11D3-BF4B-00C04F79EFBC}") = "Store.WebUI", "Store.WebUI\Store.WebUI.csproj", "{CC0A6890-1888-435A-A280-33C1DA37670B}"
EndProject
Global
	GlobalSection(SolutionConfigurationPlatforms) = preSolution
		Debug|Any CPU = Debug|Any CPU
		Release|Any CPU = Release|Any CPU
	EndGlobalSection
	GlobalSection(ProjectConfigurationPlatforms) = postSolution
		{CC0A6890-1888-435A-A280-33C1DA37670B}.Debug|Any CPU.ActiveCfg = Debug|Any CPU
		{CC0A6890-1888-435A-A280-33C1DA37670B}.Debug|Any CPU.Build.0 = Debug|Any CPU
		{CC0A6890-1888-435A-A280-33C1DA37670B}.Release|Any CPU.ActiveCfg = Release|Any CPU
		{CC0A6890-1888-435A-A280-33C1DA37670B}.Release|Any CPU.Build.0 = Release|Any CPU
	EndGlobalSection
	GlobalSection(SolutionProperties) = preSolution
		HideSolutionNode = FALSE
	EndGlobalSection
	GlobalSection(ExtensibilityGlobals) = postSolution
		SolutionGuid = {4C4D1509-8879-458F-9943-DC3DA4D55FBE}
	EndGlobalSection
EndGlobal
